// !$*UTF8*$!
{
	archiveVersion = 1;
	classes = {
	};
	objectVersion = 52;
	objects = {

/* Begin PBXBuildFile section */
		622A6ED526A467A700975103 /* iOSCodeTestApp.swift in Sources */ = {isa = PBXBuildFile; fileRef = 622A6ED426A467A700975103 /* iOSCodeTestApp.swift */; };
		622A6ED926A467AB00975103 /* Assets.xcassets in Resources */ = {isa = PBXBuildFile; fileRef = 622A6ED826A467AB00975103 /* Assets.xcassets */; };
		622A6EDC26A467AB00975103 /* Preview Assets.xcassets in Resources */ = {isa = PBXBuildFile; fileRef = 622A6EDB26A467AB00975103 /* Preview Assets.xcassets */; };
		622A6EF526A4691800975103 /* TopicViewModel.swift in Sources */ = {isa = PBXBuildFile; fileRef = 622A6EE426A4691700975103 /* TopicViewModel.swift */; };
		622A6EF626A4691800975103 /* PhotoModel.swift in Sources */ = {isa = PBXBuildFile; fileRef = 622A6EE626A4691700975103 /* PhotoModel.swift */; };
		622A6EF726A4691800975103 /* TopicModel.swift in Sources */ = {isa = PBXBuildFile; fileRef = 622A6EE726A4691700975103 /* TopicModel.swift */; };
		622A6EF826A4691800975103 /* UserModel.swift in Sources */ = {isa = PBXBuildFile; fileRef = 622A6EE826A4691700975103 /* UserModel.swift */; };
		622A6EF926A4691800975103 /* MainContentView.swift in Sources */ = {isa = PBXBuildFile; fileRef = 622A6EEA26A4691700975103 /* MainContentView.swift */; };
		622A6EFA26A4691800975103 /* Constant.swift in Sources */ = {isa = PBXBuildFile; fileRef = 622A6EED26A4691800975103 /* Constant.swift */; };
		622A6EFB26A4691800975103 /* Server.swift in Sources */ = {isa = PBXBuildFile; fileRef = 622A6EEE26A4691800975103 /* Server.swift */; };
		622A6EFC26A4691800975103 /* Codable+Extension.swift in Sources */ = {isa = PBXBuildFile; fileRef = 622A6EF026A4691800975103 /* Codable+Extension.swift */; };
		622A6EFD26A4691800975103 /* ServiceProtocol.swift in Sources */ = {isa = PBXBuildFile; fileRef = 622A6EF226A4691800975103 /* ServiceProtocol.swift */; };
		622A6EFE26A4691800975103 /* TopicService.swift in Sources */ = {isa = PBXBuildFile; fileRef = 622A6EF426A4691800975103 /* TopicService.swift */; };
		622A6F0126A4698300975103 /* Alamofire in Frameworks */ = {isa = PBXBuildFile; productRef = 622A6F0026A4698300975103 /* Alamofire */; };
		622A6F0326A48C1500975103 /* PhotoService.swift in Sources */ = {isa = PBXBuildFile; fileRef = 622A6F0226A48C1500975103 /* PhotoService.swift */; };
		622A6F0526A48D2600975103 /* PhotoViewModel.swift in Sources */ = {isa = PBXBuildFile; fileRef = 622A6F0426A48D2600975103 /* PhotoViewModel.swift */; };
		626A027D26A54DA20018F3FE /* PhotoView.swift in Sources */ = {isa = PBXBuildFile; fileRef = 626A027C26A54DA20018F3FE /* PhotoView.swift */; };
		626A028026A5500D0018F3FE /* ImageLoader.swift in Sources */ = {isa = PBXBuildFile; fileRef = 626A027F26A5500D0018F3FE /* ImageLoader.swift */; };
/* End PBXBuildFile section */

/* Begin PBXFileReference section */
		622A6ED126A467A700975103 /* iOSCodeTest.app */ = {isa = PBXFileReference; explicitFileType = wrapper.application; includeInIndex = 0; path = iOSCodeTest.app; sourceTree = BUILT_PRODUCTS_DIR; };
		622A6ED426A467A700975103 /* iOSCodeTestApp.swift */ = {isa = PBXFileReference; lastKnownFileType = sourcecode.swift; path = iOSCodeTestApp.swift; sourceTree = "<group>"; };
		622A6ED826A467AB00975103 /* Assets.xcassets */ = {isa = PBXFileReference; lastKnownFileType = folder.assetcatalog; path = Assets.xcassets; sourceTree = "<group>"; };
		622A6EDB26A467AB00975103 /* Preview Assets.xcassets */ = {isa = PBXFileReference; lastKnownFileType = folder.assetcatalog; path = "Preview Assets.xcassets"; sourceTree = "<group>"; };
		622A6EDD26A467AB00975103 /* Info.plist */ = {isa = PBXFileReference; lastKnownFileType = text.plist.xml; path = Info.plist; sourceTree = "<group>"; };
		622A6EE426A4691700975103 /* TopicViewModel.swift */ = {isa = PBXFileReference; fileEncoding = 4; lastKnownFileType = sourcecode.swift; path = TopicViewModel.swift; sourceTree = "<group>"; };
		622A6EE626A4691700975103 /* PhotoModel.swift */ = {isa = PBXFileReference; fileEncoding = 4; lastKnownFileType = sourcecode.swift; path = PhotoModel.swift; sourceTree = "<group>"; };
		622A6EE726A4691700975103 /* TopicModel.swift */ = {isa = PBXFileReference; fileEncoding = 4; lastKnownFileType = sourcecode.swift; path = TopicModel.swift; sourceTree = "<group>"; };
		622A6EE826A4691700975103 /* UserModel.swift */ = {isa = PBXFileReference; fileEncoding = 4; lastKnownFileType = sourcecode.swift; path = UserModel.swift; sourceTree = "<group>"; };
		622A6EEA26A4691700975103 /* MainContentView.swift */ = {isa = PBXFileReference; fileEncoding = 4; lastKnownFileType = sourcecode.swift; path = MainContentView.swift; sourceTree = "<group>"; };
		622A6EED26A4691800975103 /* Constant.swift */ = {isa = PBXFileReference; fileEncoding = 4; lastKnownFileType = sourcecode.swift; path = Constant.swift; sourceTree = "<group>"; };
		622A6EEE26A4691800975103 /* Server.swift */ = {isa = PBXFileReference; fileEncoding = 4; lastKnownFileType = sourcecode.swift; path = Server.swift; sourceTree = "<group>"; };
		622A6EF026A4691800975103 /* Codable+Extension.swift */ = {isa = PBXFileReference; fileEncoding = 4; lastKnownFileType = sourcecode.swift; path = "Codable+Extension.swift"; sourceTree = "<group>"; };
		622A6EF226A4691800975103 /* ServiceProtocol.swift */ = {isa = PBXFileReference; fileEncoding = 4; lastKnownFileType = sourcecode.swift; path = ServiceProtocol.swift; sourceTree = "<group>"; };
		622A6EF426A4691800975103 /* TopicService.swift */ = {isa = PBXFileReference; fileEncoding = 4; lastKnownFileType = sourcecode.swift; path = TopicService.swift; sourceTree = "<group>"; };
		622A6F0226A48C1500975103 /* PhotoService.swift */ = {isa = PBXFileReference; lastKnownFileType = sourcecode.swift; path = PhotoService.swift; sourceTree = "<group>"; };
		622A6F0426A48D2600975103 /* PhotoViewModel.swift */ = {isa = PBXFileReference; lastKnownFileType = sourcecode.swift; path = PhotoViewModel.swift; sourceTree = "<group>"; };
		626A027C26A54DA20018F3FE /* PhotoView.swift */ = {isa = PBXFileReference; lastKnownFileType = sourcecode.swift; path = PhotoView.swift; sourceTree = "<group>"; };
		626A027F26A5500D0018F3FE /* ImageLoader.swift */ = {isa = PBXFileReference; lastKnownFileType = sourcecode.swift; path = ImageLoader.swift; sourceTree = "<group>"; };
/* End PBXFileReference section */

/* Begin PBXFrameworksBuildPhase section */
		622A6ECE26A467A700975103 /* Frameworks */ = {
			isa = PBXFrameworksBuildPhase;
			buildActionMask = 2147483647;
			files = (
				622A6F0126A4698300975103 /* Alamofire in Frameworks */,
			);
			runOnlyForDeploymentPostprocessing = 0;
		};
/* End PBXFrameworksBuildPhase section */

/* Begin PBXGroup section */
		622A6EC826A467A700975103 = {
			isa = PBXGroup;
			children = (
				622A6ED326A467A700975103 /* iOSCodeTest */,
				622A6ED226A467A700975103 /* Products */,
			);
			sourceTree = "<group>";
		};
		622A6ED226A467A700975103 /* Products */ = {
			isa = PBXGroup;
			children = (
				622A6ED126A467A700975103 /* iOSCodeTest.app */,
			);
			name = Products;
			sourceTree = "<group>";
		};
		622A6ED326A467A700975103 /* iOSCodeTest */ = {
			isa = PBXGroup;
			children = (
				622A6EEB26A4691800975103 /* Commons */,
				622A6EE526A4691700975103 /* Models */,
				622A6EE326A4691700975103 /* ViewModels */,
				622A6EE926A4691700975103 /* Views */,
				622A6ED426A467A700975103 /* iOSCodeTestApp.swift */,
				622A6ED826A467AB00975103 /* Assets.xcassets */,
				622A6EDD26A467AB00975103 /* Info.plist */,
				622A6EDA26A467AB00975103 /* Preview Content */,
			);
			path = iOSCodeTest;
			sourceTree = "<group>";
		};
		622A6EDA26A467AB00975103 /* Preview Content */ = {
			isa = PBXGroup;
			children = (
				622A6EDB26A467AB00975103 /* Preview Assets.xcassets */,
			);
			path = "Preview Content";
			sourceTree = "<group>";
		};
		622A6EE326A4691700975103 /* ViewModels */ = {
			isa = PBXGroup;
			children = (
				622A6EE426A4691700975103 /* TopicViewModel.swift */,
				622A6F0426A48D2600975103 /* PhotoViewModel.swift */,
			);
			path = ViewModels;
			sourceTree = "<group>";
		};
		622A6EE526A4691700975103 /* Models */ = {
			isa = PBXGroup;
			children = (
				622A6EE626A4691700975103 /* PhotoModel.swift */,
				622A6EE726A4691700975103 /* TopicModel.swift */,
				622A6EE826A4691700975103 /* UserModel.swift */,
			);
			path = Models;
			sourceTree = "<group>";
		};
		622A6EE926A4691700975103 /* Views */ = {
			isa = PBXGroup;
			children = (
				622A6EEA26A4691700975103 /* MainContentView.swift */,
				626A027C26A54DA20018F3FE /* PhotoView.swift */,
			);
			path = Views;
			sourceTree = "<group>";
		};
		622A6EEB26A4691800975103 /* Commons */ = {
			isa = PBXGroup;
			children = (
				626A027E26A54FD20018F3FE /* Utilities */,
				622A6EEC26A4691800975103 /* Constants */,
				622A6EEF26A4691800975103 /* Extensions */,
				622A6EF126A4691800975103 /* Protocols */,
				622A6EF326A4691800975103 /* Services */,
			);
			path = Commons;
			sourceTree = "<group>";
		};
		622A6EEC26A4691800975103 /* Constants */ = {
			isa = PBXGroup;
			children = (
				622A6EED26A4691800975103 /* Constant.swift */,
				622A6EEE26A4691800975103 /* Server.swift */,
			);
			path = Constants;
			sourceTree = "<group>";
		};
		622A6EEF26A4691800975103 /* Extensions */ = {
			isa = PBXGroup;
			children = (
				622A6EF026A4691800975103 /* Codable+Extension.swift */,
			);
			path = Extensions;
			sourceTree = "<group>";
		};
		622A6EF126A4691800975103 /* Protocols */ = {
			isa = PBXGroup;
			children = (
				622A6EF226A4691800975103 /* ServiceProtocol.swift */,
			);
			path = Protocols;
			sourceTree = "<group>";
		};
		622A6EF326A4691800975103 /* Services */ = {
			isa = PBXGroup;
			children = (
				622A6EF426A4691800975103 /* TopicService.swift */,
				622A6F0226A48C1500975103 /* PhotoService.swift */,
			);
			path = Services;
			sourceTree = "<group>";
		};
		626A027E26A54FD20018F3FE /* Utilities */ = {
			isa = PBXGroup;
			children = (
				626A027F26A5500D0018F3FE /* ImageLoader.swift */,
			);
			path = Utilities;
			sourceTree = "<group>";
		};
/* End PBXGroup section */

/* Begin PBXNativeTarget section */
		622A6ED026A467A700975103 /* iOSCodeTest */ = {
			isa = PBXNativeTarget;
			buildConfigurationList = 622A6EE026A467AB00975103 /* Build configuration list for PBXNativeTarget "iOSCodeTest" */;
			buildPhases = (
				622A6ECD26A467A700975103 /* Sources */,
				622A6ECE26A467A700975103 /* Frameworks */,
				622A6ECF26A467A700975103 /* Resources */,
			);
			buildRules = (
			);
			dependencies = (
			);
			name = iOSCodeTest;
			packageProductDependencies = (
				622A6F0026A4698300975103 /* Alamofire */,
			);
			productName = iOSCodeTest;
			productReference = 622A6ED126A467A700975103 /* iOSCodeTest.app */;
			productType = "com.apple.product-type.application";
		};
/* End PBXNativeTarget section */

/* Begin PBXProject section */
		622A6EC926A467A700975103 /* Project object */ = {
			isa = PBXProject;
			attributes = {
				LastSwiftUpdateCheck = 1250;
				LastUpgradeCheck = 1250;
				TargetAttributes = {
					622A6ED026A467A700975103 = {
						CreatedOnToolsVersion = 12.5.1;
					};
				};
			};
			buildConfigurationList = 622A6ECC26A467A700975103 /* Build configuration list for PBXProject "iOSCodeTest" */;
			compatibilityVersion = "Xcode 9.3";
			developmentRegion = en;
			hasScannedForEncodings = 0;
			knownRegions = (
				en,
				Base,
			);
			mainGroup = 622A6EC826A467A700975103;
			packageReferences = (
				622A6EFF26A4698300975103 /* XCRemoteSwiftPackageReference "Alamofire" */,
			);
			productRefGroup = 622A6ED226A467A700975103 /* Products */;
			projectDirPath = "";
			projectRoot = "";
			targets = (
				622A6ED026A467A700975103 /* iOSCodeTest */,
			);
		};
/* End PBXProject section */

/* Begin PBXResourcesBuildPhase section */
		622A6ECF26A467A700975103 /* Resources */ = {
			isa = PBXResourcesBuildPhase;
			buildActionMask = 2147483647;
			files = (
				622A6EDC26A467AB00975103 /* Preview Assets.xcassets in Resources */,
				622A6ED926A467AB00975103 /* Assets.xcassets in Resources */,
			);
			runOnlyForDeploymentPostprocessing = 0;
		};
/* End PBXResourcesBuildPhase section */

/* Begin PBXSourcesBuildPhase section */
		622A6ECD26A467A700975103 /* Sources */ = {
			isa = PBXSourcesBuildPhase;
			buildActionMask = 2147483647;
			files = (
				622A6EF526A4691800975103 /* TopicViewModel.swift in Sources */,
				622A6EF626A4691800975103 /* PhotoModel.swift in Sources */,
				626A028026A5500D0018F3FE /* ImageLoader.swift in Sources */,
				622A6EFE26A4691800975103 /* TopicService.swift in Sources */,
				622A6EFA26A4691800975103 /* Constant.swift in Sources */,
				622A6EF726A4691800975103 /* TopicModel.swift in Sources */,
				622A6EF826A4691800975103 /* UserModel.swift in Sources */,
				622A6ED526A467A700975103 /* iOSCodeTestApp.swift in Sources */,
				622A6EFB26A4691800975103 /* Server.swift in Sources */,
				622A6F0326A48C1500975103 /* PhotoService.swift in Sources */,
				626A027D26A54DA20018F3FE /* PhotoView.swift in Sources */,
				622A6EFC26A4691800975103 /* Codable+Extension.swift in Sources */,
				622A6F0526A48D2600975103 /* PhotoViewModel.swift in Sources */,
				622A6EF926A4691800975103 /* MainContentView.swift in Sources */,
				622A6EFD26A4691800975103 /* ServiceProtocol.swift in Sources */,
			);
			runOnlyForDeploymentPostprocessing = 0;
		};
/* End PBXSourcesBuildPhase section */

/* Begin XCBuildConfiguration section */
		622A6EDE26A467AB00975103 /* Debug */ = {
			isa = XCBuildConfiguration;
			buildSettings = {
				ALWAYS_SEARCH_USER_PATHS = NO;
				CLANG_ANALYZER_NONNULL = YES;
				CLANG_ANALYZER_NUMBER_OBJECT_CONVERSION = YES_AGGRESSIVE;
				CLANG_CXX_LANGUAGE_STANDARD = "gnu++14";
				CLANG_CXX_LIBRARY = "libc++";
				CLANG_ENABLE_MODULES = YES;
				CLANG_ENABLE_OBJC_ARC = YES;
				CLANG_ENABLE_OBJC_WEAK = YES;
				CLANG_WARN_BLOCK_CAPTURE_AUTORELEASING = YES;
				CLANG_WARN_BOOL_CONVERSION = YES;
				CLANG_WARN_COMMA = YES;
				CLANG_WARN_CONSTANT_CONVERSION = YES;
				CLANG_WARN_DEPRECATED_OBJC_IMPLEMENTATIONS = YES;
				CLANG_WARN_DIRECT_OBJC_ISA_USAGE = YES_ERROR;
				CLANG_WARN_DOCUMENTATION_COMMENTS = YES;
				CLANG_WARN_EMPTY_BODY = YES;
				CLANG_WARN_ENUM_CONVERSION = YES;
				CLANG_WARN_INFINITE_RECURSION = YES;
				CLANG_WARN_INT_CONVERSION = YES;
				CLANG_WARN_NON_LITERAL_NULL_CONVERSION = YES;
				CLANG_WARN_OBJC_IMPLICIT_RETAIN_SELF = YES;
				CLANG_WARN_OBJC_LITERAL_CONVERSION = YES;
				CLANG_WARN_OBJC_ROOT_CLASS = YES_ERROR;
				CLANG_WARN_QUOTED_INCLUDE_IN_FRAMEWORK_HEADER = YES;
				CLANG_WARN_RANGE_LOOP_ANALYSIS = YES;
				CLANG_WARN_STRICT_PROTOTYPES = YES;
				CLANG_WARN_SUSPICIOUS_MOVE = YES;
				CLANG_WARN_UNGUARDED_AVAILABILITY = YES_AGGRESSIVE;
				CLANG_WARN_UNREACHABLE_CODE = YES;
				CLANG_WARN__DUPLICATE_METHOD_MATCH = YES;
				COPY_PHASE_STRIP = NO;
				DEBUG_INFORMATION_FORMAT = dwarf;
				ENABLE_STRICT_OBJC_MSGSEND = YES;
				ENABLE_TESTABILITY = YES;
				GCC_C_LANGUAGE_STANDARD = gnu11;
				GCC_DYNAMIC_NO_PIC = NO;
				GCC_NO_COMMON_BLOCKS = YES;
				GCC_OPTIMIZATION_LEVEL = 0;
				GCC_PREPROCESSOR_DEFINITIONS = (
					"DEBUG=1",
					"$(inherited)",
				);
				GCC_WARN_64_TO_32_BIT_CONVERSION = YES;
				GCC_WARN_ABOUT_RETURN_TYPE = YES_ERROR;
				GCC_WARN_UNDECLARED_SELECTOR = YES;
				GCC_WARN_UNINITIALIZED_AUTOS = YES_AGGRESSIVE;
				GCC_WARN_UNUSED_FUNCTION = YES;
				GCC_WARN_UNUSED_VARIABLE = YES;
				IPHONEOS_DEPLOYMENT_TARGET = 14.5;
				MTL_ENABLE_DEBUG_INFO = INCLUDE_SOURCE;
				MTL_FAST_MATH = YES;
				ONLY_ACTIVE_ARCH = YES;
				SDKROOT = iphoneos;
				SWIFT_ACTIVE_COMPILATION_CONDITIONS = DEBUG;
				SWIFT_OPTIMIZATION_LEVEL = "-Onone";
			};
			name = Debug;
		};
		622A6EDF26A467AB00975103 /* Release */ = {
			isa = XCBuildConfiguration;
			buildSettings = {
				ALWAYS_SEARCH_USER_PATHS = NO;
				CLANG_ANALYZER_NONNULL = YES;
				CLANG_ANALYZER_NUMBER_OBJECT_CONVERSION = YES_AGGRESSIVE;
				CLANG_CXX_LANGUAGE_STANDARD = "gnu++14";
				CLANG_CXX_LIBRARY = "libc++";
				CLANG_ENABLE_MODULES = YES;
				CLANG_ENABLE_OBJC_ARC = YES;
				CLANG_ENABLE_OBJC_WEAK = YES;
				CLANG_WARN_BLOCK_CAPTURE_AUTORELEASING = YES;
				CLANG_WARN_BOOL_CONVERSION = YES;
				CLANG_WARN_COMMA = YES;
				CLANG_WARN_CONSTANT_CONVERSION = YES;
				CLANG_WARN_DEPRECATED_OBJC_IMPLEMENTATIONS = YES;
				CLANG_WARN_DIRECT_OBJC_ISA_USAGE = YES_ERROR;
				CLANG_WARN_DOCUMENTATION_COMMENTS = YES;
				CLANG_WARN_EMPTY_BODY = YES;
				CLANG_WARN_ENUM_CONVERSION = YES;
				CLANG_WARN_INFINITE_RECURSION = YES;
				CLANG_WARN_INT_CONVERSION = YES;
				CLANG_WARN_NON_LITERAL_NULL_CONVERSION = YES;
				CLANG_WARN_OBJC_IMPLICIT_RETAIN_SELF = YES;
				CLANG_WARN_OBJC_LITERAL_CONVERSION = YES;
				CLANG_WARN_OBJC_ROOT_CLASS = YES_ERROR;
				CLANG_WARN_QUOTED_INCLUDE_IN_FRAMEWORK_HEADER = YES;
				CLANG_WARN_RANGE_LOOP_ANALYSIS = YES;
				CLANG_WARN_STRICT_PROTOTYPES = YES;
				CLANG_WARN_SUSPICIOUS_MOVE = YES;
				CLANG_WARN_UNGUARDED_AVAILABILITY = YES_AGGRESSIVE;
				CLANG_WARN_UNREACHABLE_CODE = YES;
				CLANG_WARN__DUPLICATE_METHOD_MATCH = YES;
				COPY_PHASE_STRIP = NO;
				DEBUG_INFORMATION_FORMAT = "dwarf-with-dsym";
				ENABLE_NS_ASSERTIONS = NO;
				ENABLE_STRICT_OBJC_MSGSEND = YES;
				GCC_C_LANGUAGE_STANDARD = gnu11;
				GCC_NO_COMMON_BLOCKS = YES;
				GCC_WARN_64_TO_32_BIT_CONVERSION = YES;
				GCC_WARN_ABOUT_RETURN_TYPE = YES_ERROR;
				GCC_WARN_UNDECLARED_SELECTOR = YES;
				GCC_WARN_UNINITIALIZED_AUTOS = YES_AGGRESSIVE;
				GCC_WARN_UNUSED_FUNCTION = YES;
				GCC_WARN_UNUSED_VARIABLE = YES;
				IPHONEOS_DEPLOYMENT_TARGET = 14.5;
				MTL_ENABLE_DEBUG_INFO = NO;
				MTL_FAST_MATH = YES;
				SDKROOT = iphoneos;
				SWIFT_COMPILATION_MODE = wholemodule;
				SWIFT_OPTIMIZATION_LEVEL = "-O";
				VALIDATE_PRODUCT = YES;
			};
			name = Release;
		};
		622A6EE126A467AB00975103 /* Debug */ = {
			isa = XCBuildConfiguration;
			buildSettings = {
				ASSETCATALOG_COMPILER_APPICON_NAME = AppIcon;
				ASSETCATALOG_COMPILER_GLOBAL_ACCENT_COLOR_NAME = AccentColor;
				CODE_SIGN_STYLE = Automatic;
				DEVELOPMENT_ASSET_PATHS = "\"iOSCodeTest/Preview Content\"";
				DEVELOPMENT_TEAM = N6S678P7RY;
				ENABLE_PREVIEWS = YES;
				INFOPLIST_FILE = iOSCodeTest/Info.plist;
				IPHONEOS_DEPLOYMENT_TARGET = 14.0;
				LD_RUNPATH_SEARCH_PATHS = (
					"$(inherited)",
					"@executable_path/Frameworks",
				);
				PRODUCT_BUNDLE_IDENTIFIER = com.joonghooim.iOSCodeTest;
				PRODUCT_NAME = "$(TARGET_NAME)";
				SWIFT_VERSION = 5.0;
				TARGETED_DEVICE_FAMILY = "1,2";
			};
			name = Debug;
		};
		622A6EE226A467AB00975103 /* Release */ = {
			isa = XCBuildConfiguration;
			buildSettings = {
				ASSETCATALOG_COMPILER_APPICON_NAME = AppIcon;
				ASSETCATALOG_COMPILER_GLOBAL_ACCENT_COLOR_NAME = AccentColor;
				CODE_SIGN_STYLE = Automatic;
				DEVELOPMENT_ASSET_PATHS = "\"iOSCodeTest/Preview Content\"";
				DEVELOPMENT_TEAM = N6S678P7RY;
				ENABLE_PREVIEWS = YES;
				INFOPLIST_FILE = iOSCodeTest/Info.plist;
				IPHONEOS_DEPLOYMENT_TARGET = 14.0;
				LD_RUNPATH_SEARCH_PATHS = (
					"$(inherited)",
					"@executable_path/Frameworks",
				);
				PRODUCT_BUNDLE_IDENTIFIER = com.joonghooim.iOSCodeTest;
				PRODUCT_NAME = "$(TARGET_NAME)";
				SWIFT_VERSION = 5.0;
				TARGETED_DEVICE_FAMILY = "1,2";
			};
			name = Release;
		};
/* End XCBuildConfiguration section */

/* Begin XCConfigurationList section */
		622A6ECC26A467A700975103 /* Build configuration list for PBXProject "iOSCodeTest" */ = {
			isa = XCConfigurationList;
			buildConfigurations = (
				622A6EDE26A467AB00975103 /* Debug */,
				622A6EDF26A467AB00975103 /* Release */,
			);
			defaultConfigurationIsVisible = 0;
			defaultConfigurationName = Release;
		};
		622A6EE026A467AB00975103 /* Build configuration list for PBXNativeTarget "iOSCodeTest" */ = {
			isa = XCConfigurationList;
			buildConfigurations = (
				622A6EE126A467AB00975103 /* Debug */,
				622A6EE226A467AB00975103 /* Release */,
			);
			defaultConfigurationIsVisible = 0;
			defaultConfigurationName = Release;
		};
/* End XCConfigurationList section */

/* Begin XCRemoteSwiftPackageReference section */
		622A6EFF26A4698300975103 /* XCRemoteSwiftPackageReference "Alamofire" */ = {
			isa = XCRemoteSwiftPackageReference;
			repositoryURL = "https://github.com/Alamofire/Alamofire";
			requirement = {
				kind = upToNextMajorVersion;
				minimumVersion = 5.4.3;
			};
		};
/* End XCRemoteSwiftPackageReference section */

/* Begin XCSwiftPackageProductDependency section */
		622A6F0026A4698300975103 /* Alamofire */ = {
			isa = XCSwiftPackageProductDependency;
			package = 622A6EFF26A4698300975103 /* XCRemoteSwiftPackageReference "Alamofire" */;
			productName = Alamofire;
		};
/* End XCSwiftPackageProductDependency section */
	};
	rootObject = 622A6EC926A467A700975103 /* Project object */;
}
